
Microsoft Visual Studio Solution File, Format Version 12.00
# Visual Studio 14
VisualStudioVersion = 14.0.25420.1
MinimumVisualStudioVersion = 10.0.40219.1
Project("{FAE04EC0-301F-11D3-BF4B-00C04F79EFBC}") = "Powers_Inheritance", "Powers_Inheritance\Powers_Inheritance.csproj", "{22CA148D-7254-40B6-84C3-48CE6D18CC81}"
EndProject
Project("{FAE04EC0-301F-11D3-BF4B-00C04F79EFBC}") = "BankingLib", "BankingLib\BankingLib.csproj", "{86944F47-1C37-40B3-85FD-2EB2EA9ACFA1}"
EndProject
Global
	GlobalSection(SolutionConfigurationPlatforms) = preSolution
		Debug|Any CPU = Debug|Any CPU
		Release|Any CPU = Release|Any CPU
	EndGlobalSection
	GlobalSection(ProjectConfigurationPlatforms) = postSolution
		{22CA148D-7254-40B6-84C3-48CE6D18CC81}.Debug|Any CPU.ActiveCfg = Debug|Any CPU
		{22CA148D-7254-40B6-84C3-48CE6D18CC81}.Debug|Any CPU.Build.0 = Debug|Any CPU
		{22CA148D-7254-40B6-84C3-48CE6D18CC81}.Release|Any CPU.ActiveCfg = Release|Any CPU
		{22CA148D-7254-40B6-84C3-48CE6D18CC81}.Release|Any CPU.Build.0 = Release|Any CPU
		{86944F47-1C37-40B3-85FD-2EB2EA9ACFA1}.Debug|Any CPU.ActiveCfg = Debug|Any CPU
		{86944F47-1C37-40B3-85FD-2EB2EA9ACFA1}.Debug|Any CPU.Build.0 = Debug|Any CPU
		{86944F47-1C37-40B3-85FD-2EB2EA9ACFA1}.Release|Any CPU.ActiveCfg = Release|Any CPU
		{86944F47-1C37-40B3-85FD-2EB2EA9ACFA1}.Release|Any CPU.Build.0 = Release|Any CPU
	EndGlobalSection
	GlobalSection(SolutionProperties) = preSolution
		HideSolutionNode = FALSE
	EndGlobalSection
EndGlobal
