
Microsoft Visual Studio Solution File, Format Version 12.00
# Visual Studio 14
VisualStudioVersion = 14.0.25420.1
MinimumVisualStudioVersion = 10.0.40219.1
Project("{FAE04EC0-301F-11D3-BF4B-00C04F79EFBC}") = "Inheritance_Example01", "Inheritance_Example01\Inheritance_Example01.csproj", "{CC3AB12A-CB63-47DE-A82B-1268E01E3103}"
EndProject
Project("{FAE04EC0-301F-11D3-BF4B-00C04F79EFBC}") = "CircularShapesLib", "CircularShapesLib\CircularShapesLib.csproj", "{B62DF22A-6B45-4E11-B225-813470B84CF2}"
EndProject
Global
	GlobalSection(SolutionConfigurationPlatforms) = preSolution
		Debug|Any CPU = Debug|Any CPU
		Release|Any CPU = Release|Any CPU
	EndGlobalSection
	GlobalSection(ProjectConfigurationPlatforms) = postSolution
		{CC3AB12A-CB63-47DE-A82B-1268E01E3103}.Debug|Any CPU.ActiveCfg = Debug|Any CPU
		{CC3AB12A-CB63-47DE-A82B-1268E01E3103}.Debug|Any CPU.Build.0 = Debug|Any CPU
		{CC3AB12A-CB63-47DE-A82B-1268E01E3103}.Release|Any CPU.ActiveCfg = Release|Any CPU
		{CC3AB12A-CB63-47DE-A82B-1268E01E3103}.Release|Any CPU.Build.0 = Release|Any CPU
		{B62DF22A-6B45-4E11-B225-813470B84CF2}.Debug|Any CPU.ActiveCfg = Debug|Any CPU
		{B62DF22A-6B45-4E11-B225-813470B84CF2}.Debug|Any CPU.Build.0 = Debug|Any CPU
		{B62DF22A-6B45-4E11-B225-813470B84CF2}.Release|Any CPU.ActiveCfg = Release|Any CPU
		{B62DF22A-6B45-4E11-B225-813470B84CF2}.Release|Any CPU.Build.0 = Release|Any CPU
	EndGlobalSection
	GlobalSection(SolutionProperties) = preSolution
		HideSolutionNode = FALSE
	EndGlobalSection
EndGlobal
